
Microsoft Visual Studio Solution File, Format Version 12.00
# Visual Studio 15
VisualStudioVersion = 15.0.28307.1500
MinimumVisualStudioVersion = 10.0.40219.1
Project("{159641D6-6404-4A2A-AE62-294DE0FE8301}") = "IntegrationServicesSamples", "IntegrationServicesSamples\IntegrationServicesSamples.dtproj", "{D543D197-6F2F-4CF0-9100-94197E31B974}"
EndProject
Project("{2150E333-8FDC-42A3-9474-1A3956D46DE8}") = "Solution Items", "Solution Items", "{DC0C2DB1-D90B-459C-980F-A411CBC96E5E}"
	ProjectSection(SolutionItems) = preProject
		Output\001-ExportToFlatFileOutput.csv = Output\001-ExportToFlatFileOutput.csv
		Output\002-CharacterMapTransformationOutput.csv = Output\002-CharacterMapTransformationOutput.csv
		Output\003-CopyColumnTransformationOutput.csv = Output\003-CopyColumnTransformationOutput.csv
		Output\004-DerivedColumnTransformationOutput.csv = Output\004-DerivedColumnTransformationOutput.csv
		Output\005-PercentageSamplingTransformation-SelectedOutput.xls = Output\005-PercentageSamplingTransformation-SelectedOutput.xls
		Output\006-RowSamplingTransformation.csv = Output\006-RowSamplingTransformation.csv
		Output\007-SortTransformationOutput.csv = Output\007-SortTransformationOutput.csv
		Output\008-UnionAllTransformation.csv = Output\008-UnionAllTransformation.csv
		Output\009-MulticastTransformationOutput1.csv = Output\009-MulticastTransformationOutput1.csv
		Output\009-MulticastTransformationOutput2.csv = Output\009-MulticastTransformationOutput2.csv
		Output\009-MulticastTransformationOutput3.xls = Output\009-MulticastTransformationOutput3.xls
		Output\010-ConditionalSplitTransformation.xls = Output\010-ConditionalSplitTransformation.xls
		Output\011-AggregateTransformationOutput.xls = Output\011-AggregateTransformationOutput.xls
		Output\012-AuditTransformationOutput.xls = Output\012-AuditTransformationOutput.xls
		Output\013-DataExportOverwriteExistingExcelOutput.xls = Output\013-DataExportOverwriteExistingExcelOutput.xls
		Output\014-ExportColumnTransformationOutput-NoteBookFan.txt = Output\014-ExportColumnTransformationOutput-NoteBookFan.txt
		Output\014-ExportColumnTransformationOutput-Printer.txt = Output\014-ExportColumnTransformationOutput-Printer.txt
		Output\014-ExportColumnTransformationOutput-Router.txt = Output\014-ExportColumnTransformationOutput-Router.txt
		Output\014-ExportColumnTransformationOutput-Switch.txt = Output\014-ExportColumnTransformationOutput-Switch.txt
		Output\016-MergeTransformationOutput.xls = Output\016-MergeTransformationOutput.xls
		Output\017-MergeJoinTransformationOutput.xls = Output\017-MergeJoinTransformationOutput.xls
		Output\018-LookupTransformationNoMatchOutput.xls = Output\018-LookupTransformationNoMatchOutput.xls
		Output\018-LookupTransformationOutput.xls = Output\018-LookupTransformationOutput.xls
		Output\019-CacheTransformTransformationOutput.xls = Output\019-CacheTransformTransformationOutput.xls
		Output\022-RowCountTransformationOutput.csv = Output\022-RowCountTransformationOutput.csv
		Output\023-OledbCommandTransformationOutput.csv = Output\023-OledbCommandTransformationOutput.csv
		Output\024-PivotTransformationOutput.csv = Output\024-PivotTransformationOutput.csv
		Output\043-ConfigurationFileDemoOutput.csv = Output\043-ConfigurationFileDemoOutput.csv
		Output\044-ConfigurationTableDemoOutput.csv = Output\044-ConfigurationTableDemoOutput.csv
		Output\045-DynamicConnectionManagerOutput.xls = Output\045-DynamicConnectionManagerOutput.xls
		Output\045-DynamicConnectionManagerOutput_224134.txt = Output\045-DynamicConnectionManagerOutput_224134.txt
		Output\045-DynamicConnectionManagerOutput_224134.xls = Output\045-DynamicConnectionManagerOutput_224134.xls
		Output\045-DynamicConnectionManagerOutput_224151.txt = Output\045-DynamicConnectionManagerOutput_224151.txt
		Output\045-DynamicConnectionManagerOutput_224151.xls = Output\045-DynamicConnectionManagerOutput_224151.xls
		Output\047-EventHandling-PrecendenceConstraint-Output.txt = Output\047-EventHandling-PrecendenceConstraint-Output.txt
		Output\049-LogProviders-TextFiles-Output.txt = Output\049-LogProviders-TextFiles-Output.txt
		Output\049-LogProviders-TextFiles-Output.xml = Output\049-LogProviders-TextFiles-Output.xml
		Output\Adam_Gilchrist.jpg = Output\Adam_Gilchrist.jpg
		Output\ColorConfigurationDemo.dtsConfig = Output\ColorConfigurationDemo.dtsConfig
		Output\Databases.xml = Output\Databases.xml
		Output\DataProfilingTaskOutput.xml = Output\DataProfilingTaskOutput.xml
		Output\EmployeesBulkInsertInput.csv = Output\EmployeesBulkInsertInput.csv
		Output\FilesList.txt = Output\FilesList.txt
		Output\FuzzyLookUpExampleInput.txt = Output\FuzzyLookUpExampleInput.txt
		Output\Inventory.xml = Output\Inventory.xml
		Output\Jonty_Rhodes.jpg = Output\Jonty_Rhodes.jpg
		Output\m1.xml = Output\m1.xml
		Output\m2.xml = Output\m2.xml
		Output\m3.xml = Output\m3.xml
		Output\Micchael_Bevan.jpg = Output\Micchael_Bevan.jpg
		Output\NodeListOutputFirstNames.txt = Output\NodeListOutputFirstNames.txt
		Output\PivotSource.txt = Output\PivotSource.txt
		Output\SumOfBookPrices.txt = Output\SumOfBookPrices.txt
		Output\TermExtractionSource.txt = Output\TermExtractionSource.txt
		Output\UnpivotSource.txt = Output\UnpivotSource.txt
		Output\ValuesOutput.txt = Output\ValuesOutput.txt
	EndProjectSection
EndProject
Project("{2150E333-8FDC-42A3-9474-1A3956D46DE8}") = "SQLScript", "SQLScript", "{5C504A9E-F41C-4BAA-B189-8BDEF4648991}"
	ProjectSection(SolutionItems) = preProject
		SQLScript\999-SqlScript-BusinessIntelligenceDB-TableData-01.sql = SQLScript\999-SqlScript-BusinessIntelligenceDB-TableData-01.sql
	EndProjectSection
EndProject
Project("{2150E333-8FDC-42A3-9474-1A3956D46DE8}") = "FileEnumerator", "FileEnumerator", "{ACD83E7E-5338-46B6-B5DC-89433C7BC968}"
	ProjectSection(SolutionItems) = preProject
		Output\FileEnumerator\One.txt = Output\FileEnumerator\One.txt
		Output\FileEnumerator\Three.txt = Output\FileEnumerator\Three.txt
		Output\FileEnumerator\Two.txt = Output\FileEnumerator\Two.txt
	EndProjectSection
EndProject
Global
	GlobalSection(SolutionConfigurationPlatforms) = preSolution
		Development|Default = Development|Default
	EndGlobalSection
	GlobalSection(ProjectConfigurationPlatforms) = postSolution
		{D543D197-6F2F-4CF0-9100-94197E31B974}.Development|Default.ActiveCfg = Development
		{D543D197-6F2F-4CF0-9100-94197E31B974}.Development|Default.Build.0 = Development
	EndGlobalSection
	GlobalSection(SolutionProperties) = preSolution
		HideSolutionNode = FALSE
	EndGlobalSection
	GlobalSection(NestedProjects) = preSolution
		{ACD83E7E-5338-46B6-B5DC-89433C7BC968} = {DC0C2DB1-D90B-459C-980F-A411CBC96E5E}
	EndGlobalSection
	GlobalSection(ExtensibilityGlobals) = postSolution
		SolutionGuid = {18B77E79-576D-4B85-B83F-8BCB4382B279}
	EndGlobalSection
EndGlobal
