
Microsoft Visual Studio Solution File, Format Version 12.00
# Visual Studio Version 16
VisualStudioVersion = 16.0.31129.286
MinimumVisualStudioVersion = 10.0.40219.1
Project("{159641D6-6404-4A2A-AE62-294DE0FE8301}") = "IntegrationServicesSamples", "IntegrationServicesSamples\IntegrationServicesSamples.dtproj", "{D543D197-6F2F-4CF0-9100-94197E31B974}"
EndProject
Project("{2150E333-8FDC-42A3-9474-1A3956D46DE8}") = "IntegrationServicesSamplesOutput", "IntegrationServicesSamplesOutput", "{830BE162-01CC-4D84-A5CB-E00557F0FF43}"
	ProjectSection(SolutionItems) = preProject
		..\..\..\..\..\Temp\001-ExportToFlatFileOutput.csv = ..\..\..\..\..\Temp\001-ExportToFlatFileOutput.csv
		..\..\..\..\..\Temp\002-CharacterMapTransformationOutput.csv = ..\..\..\..\..\Temp\002-CharacterMapTransformationOutput.csv
		..\..\..\..\..\Temp\003-CopyColumnTransformationOutput.csv = ..\..\..\..\..\Temp\003-CopyColumnTransformationOutput.csv
		..\..\..\..\..\Temp\004-DerivedColumnTransformationOutput.csv = ..\..\..\..\..\Temp\004-DerivedColumnTransformationOutput.csv
		..\..\..\..\..\Temp\005-PercentageSamplingTransformation-SelectedOutput.xls = ..\..\..\..\..\Temp\005-PercentageSamplingTransformation-SelectedOutput.xls
		..\..\..\..\..\Temp\006-RowSamplingTransformation.csv = ..\..\..\..\..\Temp\006-RowSamplingTransformation.csv
		..\..\..\..\..\Temp\007-SortTransformationOutput.csv = ..\..\..\..\..\Temp\007-SortTransformationOutput.csv
		..\..\..\..\..\Temp\008-UnionAllTransformation.csv = ..\..\..\..\..\Temp\008-UnionAllTransformation.csv
		..\..\..\..\..\Temp\009-MulticastTransformationOutput1.csv = ..\..\..\..\..\Temp\009-MulticastTransformationOutput1.csv
		..\..\..\..\..\Temp\009-MulticastTransformationOutput2.csv = ..\..\..\..\..\Temp\009-MulticastTransformationOutput2.csv
		..\..\..\..\..\Temp\009-MulticastTransformationOutput3.xls = ..\..\..\..\..\Temp\009-MulticastTransformationOutput3.xls
		..\..\..\..\..\Temp\010-ConditionalSplitTransformation.xls = ..\..\..\..\..\Temp\010-ConditionalSplitTransformation.xls
		..\..\..\..\..\Temp\011-AggregateTransformationOutput.xls = ..\..\..\..\..\Temp\011-AggregateTransformationOutput.xls
	EndProjectSection
EndProject
Global
	GlobalSection(SolutionConfigurationPlatforms) = preSolution
		Development|Default = Development|Default
	EndGlobalSection
	GlobalSection(ProjectConfigurationPlatforms) = postSolution
		{D543D197-6F2F-4CF0-9100-94197E31B974}.Development|Default.ActiveCfg = Development
		{D543D197-6F2F-4CF0-9100-94197E31B974}.Development|Default.Build.0 = Development
	EndGlobalSection
	GlobalSection(SolutionProperties) = preSolution
		HideSolutionNode = FALSE
	EndGlobalSection
	GlobalSection(ExtensibilityGlobals) = postSolution
		SolutionGuid = {18B77E79-576D-4B85-B83F-8BCB4382B279}
	EndGlobalSection
EndGlobal
